
Microsoft Visual Studio Solution File, Format Version 12.00
# Visual Studio 15
VisualStudioVersion = 15.0.26403.3
MinimumVisualStudioVersion = 10.0.40219.1
Project("{D954291E-2A0B-460D-934E-DC6B0785DB48}") = "Rink_Hockey", "Rink Hockey\Rink_Hockey\Rink_Hockey.shproj", "{17C968DA-D974-4CE5-A05A-534CBAC1A53F}"
EndProject
Project("{FAE04EC0-301F-11D3-BF4B-00C04F79EFBC}") = "Rink_Hockey.Android", "Rink Hockey\Rink_Hockey.Android\Rink_Hockey.Android.csproj", "{0EA22F9A-2FBB-48AD-BFBB-E6DBED689691}"
EndProject
Project("{FAE04EC0-301F-11D3-BF4B-00C04F79EFBC}") = "Rink_Hockey.iOS", "Rink Hockey\Rink_Hockey.iOS\Rink_Hockey.iOS.csproj", "{E91A9B84-5178-48C4-AF01-696A795A1523}"
EndProject
Project("{FAE04EC0-301F-11D3-BF4B-00C04F79EFBC}") = "Rink_Hockey.UWP", "Rink Hockey\Rink_Hockey.UWP\Rink_Hockey.UWP.csproj", "{1ECD39F2-9C71-4C85-AA63-368404DC1A87}"
EndProject
Global
	GlobalSection(SharedMSBuildProjectFiles) = preSolution
		Rink Hockey\Rink_Hockey\Rink_Hockey.projitems*{0ea22f9a-2fbb-48ad-bfbb-e6dbed689691}*SharedItemsImports = 4
		Rink Hockey\Rink_Hockey\Rink_Hockey.projitems*{17c968da-d974-4ce5-a05a-534cbac1a53f}*SharedItemsImports = 13
		Rink Hockey\Rink_Hockey\Rink_Hockey.projitems*{e91a9b84-5178-48c4-af01-696a795a1523}*SharedItemsImports = 4
	EndGlobalSection
	GlobalSection(SolutionConfigurationPlatforms) = preSolution
		Ad-Hoc|Any CPU = Ad-Hoc|Any CPU
		Ad-Hoc|ARM = Ad-Hoc|ARM
		Ad-Hoc|iPhone = Ad-Hoc|iPhone
		Ad-Hoc|iPhoneSimulator = Ad-Hoc|iPhoneSimulator
		Ad-Hoc|x64 = Ad-Hoc|x64
		Ad-Hoc|x86 = Ad-Hoc|x86
		AppStore|Any CPU = AppStore|Any CPU
		AppStore|ARM = AppStore|ARM
		AppStore|iPhone = AppStore|iPhone
		AppStore|iPhoneSimulator = AppStore|iPhoneSimulator
		AppStore|x64 = AppStore|x64
		AppStore|x86 = AppStore|x86
		Debug|Any CPU = Debug|Any CPU
		Debug|ARM = Debug|ARM
		Debug|iPhone = Debug|iPhone
		Debug|iPhoneSimulator = Debug|iPhoneSimulator
		Debug|x64 = Debug|x64
		Debug|x86 = Debug|x86
		Release|Any CPU = Release|Any CPU
		Release|ARM = Release|ARM
		Release|iPhone = Release|iPhone
		Release|iPhoneSimulator = Release|iPhoneSimulator
		Release|x64 = Release|x64
		Release|x86 = Release|x86
	EndGlobalSection
	GlobalSection(ProjectConfigurationPlatforms) = postSolution
		{0EA22F9A-2FBB-48AD-BFBB-E6DBED689691}.Ad-Hoc|Any CPU.ActiveCfg = Release|Any CPU
		{0EA22F9A-2FBB-48AD-BFBB-E6DBED689691}.Ad-Hoc|Any CPU.Build.0 = Release|Any CPU
		{0EA22F9A-2FBB-48AD-BFBB-E6DBED689691}.Ad-Hoc|Any CPU.Deploy.0 = Release|Any CPU
		{0EA22F9A-2FBB-48AD-BFBB-E6DBED689691}.Ad-Hoc|ARM.ActiveCfg = Release|Any CPU
		{0EA22F9A-2FBB-48AD-BFBB-E6DBED689691}.Ad-Hoc|ARM.Build.0 = Release|Any CPU
		{0EA22F9A-2FBB-48AD-BFBB-E6DBED689691}.Ad-Hoc|ARM.Deploy.0 = Release|Any CPU
		{0EA22F9A-2FBB-48AD-BFBB-E6DBED689691}.Ad-Hoc|iPhone.ActiveCfg = Release|Any CPU
		{0EA22F9A-2FBB-48AD-BFBB-E6DBED689691}.Ad-Hoc|iPhone.Build.0 = Release|Any CPU
		{0EA22F9A-2FBB-48AD-BFBB-E6DBED689691}.Ad-Hoc|iPhone.Deploy.0 = Release|Any CPU
		{0EA22F9A-2FBB-48AD-BFBB-E6DBED689691}.Ad-Hoc|iPhoneSimulator.ActiveCfg = Release|Any CPU
		{0EA22F9A-2FBB-48AD-BFBB-E6DBED689691}.Ad-Hoc|iPhoneSimulator.Build.0 = Release|Any CPU
		{0EA22F9A-2FBB-48AD-BFBB-E6DBED689691}.Ad-Hoc|iPhoneSimulator.Deploy.0 = Release|Any CPU
		{0EA22F9A-2FBB-48AD-BFBB-E6DBED689691}.Ad-Hoc|x64.ActiveCfg = Release|Any CPU
		{0EA22F9A-2FBB-48AD-BFBB-E6DBED689691}.Ad-Hoc|x64.Build.0 = Release|Any CPU
		{0EA22F9A-2FBB-48AD-BFBB-E6DBED689691}.Ad-Hoc|x64.Deploy.0 = Release|Any CPU
		{0EA22F9A-2FBB-48AD-BFBB-E6DBED689691}.Ad-Hoc|x86.ActiveCfg = Release|Any CPU
		{0EA22F9A-2FBB-48AD-BFBB-E6DBED689691}.Ad-Hoc|x86.Build.0 = Release|Any CPU
		{0EA22F9A-2FBB-48AD-BFBB-E6DBED689691}.Ad-Hoc|x86.Deploy.0 = Release|Any CPU
		{0EA22F9A-2FBB-48AD-BFBB-E6DBED689691}.AppStore|Any CPU.ActiveCfg = Release|Any CPU
		{0EA22F9A-2FBB-48AD-BFBB-E6DBED689691}.AppStore|Any CPU.Build.0 = Release|Any CPU
		{0EA22F9A-2FBB-48AD-BFBB-E6DBED689691}.AppStore|Any CPU.Deploy.0 = Release|Any CPU
		{0EA22F9A-2FBB-48AD-BFBB-E6DBED689691}.AppStore|ARM.ActiveCfg = Release|Any CPU
		{0EA22F9A-2FBB-48AD-BFBB-E6DBED689691}.AppStore|ARM.Build.0 = Release|Any CPU
		{0EA22F9A-2FBB-48AD-BFBB-E6DBED689691}.AppStore|ARM.Deploy.0 = Release|Any CPU
		{0EA22F9A-2FBB-48AD-BFBB-E6DBED689691}.AppStore|iPhone.ActiveCfg = Release|Any CPU
		{0EA22F9A-2FBB-48AD-BFBB-E6DBED689691}.AppStore|iPhone.Build.0 = Release|Any CPU
		{0EA22F9A-2FBB-48AD-BFBB-E6DBED689691}.AppStore|iPhone.Deploy.0 = Release|Any CPU
		{0EA22F9A-2FBB-48AD-BFBB-E6DBED689691}.AppStore|iPhoneSimulator.ActiveCfg = Release|Any CPU
		{0EA22F9A-2FBB-48AD-BFBB-E6DBED689691}.AppStore|iPhoneSimulator.Build.0 = Release|Any CPU
		{0EA22F9A-2FBB-48AD-BFBB-E6DBED689691}.AppStore|iPhoneSimulator.Deploy.0 = Release|Any CPU
		{0EA22F9A-2FBB-48AD-BFBB-E6DBED689691}.AppStore|x64.ActiveCfg = Release|Any CPU
		{0EA22F9A-2FBB-48AD-BFBB-E6DBED689691}.AppStore|x64.Build.0 = Release|Any CPU
		{0EA22F9A-2FBB-48AD-BFBB-E6DBED689691}.AppStore|x64.Deploy.0 = Release|Any CPU
		{0EA22F9A-2FBB-48AD-BFBB-E6DBED689691}.AppStore|x86.ActiveCfg = Release|Any CPU
		{0EA22F9A-2FBB-48AD-BFBB-E6DBED689691}.AppStore|x86.Build.0 = Release|Any CPU
		{0EA22F9A-2FBB-48AD-BFBB-E6DBED689691}.AppStore|x86.Deploy.0 = Release|Any CPU
		{0EA22F9A-2FBB-48AD-BFBB-E6DBED689691}.Debug|Any CPU.ActiveCfg = Debug|Any CPU
		{0EA22F9A-2FBB-48AD-BFBB-E6DBED689691}.Debug|Any CPU.Build.0 = Debug|Any CPU
		{0EA22F9A-2FBB-48AD-BFBB-E6DBED689691}.Debug|Any CPU.Deploy.0 = Debug|Any CPU
		{0EA22F9A-2FBB-48AD-BFBB-E6DBED689691}.Debug|ARM.ActiveCfg = Debug|Any CPU
		{0EA22F9A-2FBB-48AD-BFBB-E6DBED689691}.Debug|ARM.Build.0 = Debug|Any CPU
		{0EA22F9A-2FBB-48AD-BFBB-E6DBED689691}.Debug|ARM.Deploy.0 = Debug|Any CPU
		{0EA22F9A-2FBB-48AD-BFBB-E6DBED689691}.Debug|iPhone.ActiveCfg = Debug|Any CPU
		{0EA22F9A-2FBB-48AD-BFBB-E6DBED689691}.Debug|iPhone.Build.0 = Debug|Any CPU
		{0EA22F9A-2FBB-48AD-BFBB-E6DBED689691}.Debug|iPhone.Deploy.0 = Debug|Any CPU
		{0EA22F9A-2FBB-48AD-BFBB-E6DBED689691}.Debug|iPhoneSimulator.ActiveCfg = Debug|Any CPU
		{0EA22F9A-2FBB-48AD-BFBB-E6DBED689691}.Debug|iPhoneSimulator.Build.0 = Debug|Any CPU
		{0EA22F9A-2FBB-48AD-BFBB-E6DBED689691}.Debug|iPhoneSimulator.Deploy.0 = Debug|Any CPU
		{0EA22F9A-2FBB-48AD-BFBB-E6DBED689691}.Debug|x64.ActiveCfg = Debug|Any CPU
		{0EA22F9A-2FBB-48AD-BFBB-E6DBED689691}.Debug|x64.Build.0 = Debug|Any CPU
		{0EA22F9A-2FBB-48AD-BFBB-E6DBED689691}.Debug|x64.Deploy.0 = Debug|Any CPU
		{0EA22F9A-2FBB-48AD-BFBB-E6DBED689691}.Debug|x86.ActiveCfg = Debug|Any CPU
		{0EA22F9A-2FBB-48AD-BFBB-E6DBED689691}.Debug|x86.Build.0 = Debug|Any CPU
		{0EA22F9A-2FBB-48AD-BFBB-E6DBED689691}.Debug|x86.Deploy.0 = Debug|Any CPU
		{0EA22F9A-2FBB-48AD-BFBB-E6DBED689691}.Release|Any CPU.ActiveCfg = Release|Any CPU
		{0EA22F9A-2FBB-48AD-BFBB-E6DBED689691}.Release|Any CPU.Build.0 = Release|Any CPU
		{0EA22F9A-2FBB-48AD-BFBB-E6DBED689691}.Release|Any CPU.Deploy.0 = Release|Any CPU
		{0EA22F9A-2FBB-48AD-BFBB-E6DBED689691}.Release|ARM.ActiveCfg = Release|Any CPU
		{0EA22F9A-2FBB-48AD-BFBB-E6DBED689691}.Release|ARM.Build.0 = Release|Any CPU
		{0EA22F9A-2FBB-48AD-BFBB-E6DBED689691}.Release|ARM.Deploy.0 = Release|Any CPU
		{0EA22F9A-2FBB-48AD-BFBB-E6DBED689691}.Release|iPhone.ActiveCfg = Release|Any CPU
		{0EA22F9A-2FBB-48AD-BFBB-E6DBED689691}.Release|iPhone.Build.0 = Release|Any CPU
		{0EA22F9A-2FBB-48AD-BFBB-E6DBED689691}.Release|iPhone.Deploy.0 = Release|Any CPU
		{0EA22F9A-2FBB-48AD-BFBB-E6DBED689691}.Release|iPhoneSimulator.ActiveCfg = Release|Any CPU
		{0EA22F9A-2FBB-48AD-BFBB-E6DBED689691}.Release|iPhoneSimulator.Build.0 = Release|Any CPU
		{0EA22F9A-2FBB-48AD-BFBB-E6DBED689691}.Release|iPhoneSimulator.Deploy.0 = Release|Any CPU
		{0EA22F9A-2FBB-48AD-BFBB-E6DBED689691}.Release|x64.ActiveCfg = Release|Any CPU
		{0EA22F9A-2FBB-48AD-BFBB-E6DBED689691}.Release|x64.Build.0 = Release|Any CPU
		{0EA22F9A-2FBB-48AD-BFBB-E6DBED689691}.Release|x64.Deploy.0 = Release|Any CPU
		{0EA22F9A-2FBB-48AD-BFBB-E6DBED689691}.Release|x86.ActiveCfg = Release|Any CPU
		{0EA22F9A-2FBB-48AD-BFBB-E6DBED689691}.Release|x86.Build.0 = Release|Any CPU
		{0EA22F9A-2FBB-48AD-BFBB-E6DBED689691}.Release|x86.Deploy.0 = Release|Any CPU
		{E91A9B84-5178-48C4-AF01-696A795A1523}.Ad-Hoc|Any CPU.ActiveCfg = Ad-Hoc|iPhone
		{E91A9B84-5178-48C4-AF01-696A795A1523}.Ad-Hoc|ARM.ActiveCfg = Ad-Hoc|iPhone
		{E91A9B84-5178-48C4-AF01-696A795A1523}.Ad-Hoc|iPhone.ActiveCfg = Ad-Hoc|iPhone
		{E91A9B84-5178-48C4-AF01-696A795A1523}.Ad-Hoc|iPhone.Build.0 = Ad-Hoc|iPhone
		{E91A9B84-5178-48C4-AF01-696A795A1523}.Ad-Hoc|iPhoneSimulator.ActiveCfg = Ad-Hoc|iPhoneSimulator
		{E91A9B84-5178-48C4-AF01-696A795A1523}.Ad-Hoc|iPhoneSimulator.Build.0 = Ad-Hoc|iPhoneSimulator
		{E91A9B84-5178-48C4-AF01-696A795A1523}.Ad-Hoc|x64.ActiveCfg = Ad-Hoc|iPhone
		{E91A9B84-5178-48C4-AF01-696A795A1523}.Ad-Hoc|x86.ActiveCfg = Ad-Hoc|iPhone
		{E91A9B84-5178-48C4-AF01-696A795A1523}.AppStore|Any CPU.ActiveCfg = AppStore|iPhone
		{E91A9B84-5178-48C4-AF01-696A795A1523}.AppStore|ARM.ActiveCfg = AppStore|iPhone
		{E91A9B84-5178-48C4-AF01-696A795A1523}.AppStore|iPhone.ActiveCfg = AppStore|iPhone
		{E91A9B84-5178-48C4-AF01-696A795A1523}.AppStore|iPhone.Build.0 = AppStore|iPhone
		{E91A9B84-5178-48C4-AF01-696A795A1523}.AppStore|iPhoneSimulator.ActiveCfg = AppStore|iPhoneSimulator
		{E91A9B84-5178-48C4-AF01-696A795A1523}.AppStore|iPhoneSimulator.Build.0 = AppStore|iPhoneSimulator
		{E91A9B84-5178-48C4-AF01-696A795A1523}.AppStore|x64.ActiveCfg = AppStore|iPhone
		{E91A9B84-5178-48C4-AF01-696A795A1523}.AppStore|x86.ActiveCfg = AppStore|iPhone
		{E91A9B84-5178-48C4-AF01-696A795A1523}.Debug|Any CPU.ActiveCfg = Debug|iPhone
		{E91A9B84-5178-48C4-AF01-696A795A1523}.Debug|ARM.ActiveCfg = Debug|iPhone
		{E91A9B84-5178-48C4-AF01-696A795A1523}.Debug|iPhone.ActiveCfg = Debug|iPhone
		{E91A9B84-5178-48C4-AF01-696A795A1523}.Debug|iPhone.Build.0 = Debug|iPhone
		{E91A9B84-5178-48C4-AF01-696A795A1523}.Debug|iPhoneSimulator.ActiveCfg = Debug|iPhoneSimulator
		{E91A9B84-5178-48C4-AF01-696A795A1523}.Debug|iPhoneSimulator.Build.0 = Debug|iPhoneSimulator
		{E91A9B84-5178-48C4-AF01-696A795A1523}.Debug|x64.ActiveCfg = Debug|iPhone
		{E91A9B84-5178-48C4-AF01-696A795A1523}.Debug|x86.ActiveCfg = Debug|iPhone
		{E91A9B84-5178-48C4-AF01-696A795A1523}.Release|Any CPU.ActiveCfg = Release|iPhone
		{E91A9B84-5178-48C4-AF01-696A795A1523}.Release|ARM.ActiveCfg = Release|iPhone
		{E91A9B84-5178-48C4-AF01-696A795A1523}.Release|iPhone.ActiveCfg = Release|iPhone
		{E91A9B84-5178-48C4-AF01-696A795A1523}.Release|iPhone.Build.0 = Release|iPhone
		{E91A9B84-5178-48C4-AF01-696A795A1523}.Release|iPhoneSimulator.ActiveCfg = Release|iPhoneSimulator
		{E91A9B84-5178-48C4-AF01-696A795A1523}.Release|iPhoneSimulator.Build.0 = Release|iPhoneSimulator
		{E91A9B84-5178-48C4-AF01-696A795A1523}.Release|x64.ActiveCfg = Release|iPhone
		{E91A9B84-5178-48C4-AF01-696A795A1523}.Release|x86.ActiveCfg = Release|iPhone
		{1ECD39F2-9C71-4C85-AA63-368404DC1A87}.Ad-Hoc|Any CPU.ActiveCfg = Release|x86
		{1ECD39F2-9C71-4C85-AA63-368404DC1A87}.Ad-Hoc|Any CPU.Build.0 = Release|x86
		{1ECD39F2-9C71-4C85-AA63-368404DC1A87}.Ad-Hoc|Any CPU.Deploy.0 = Release|x86
		{1ECD39F2-9C71-4C85-AA63-368404DC1A87}.Ad-Hoc|ARM.ActiveCfg = Release|ARM
		{1ECD39F2-9C71-4C85-AA63-368404DC1A87}.Ad-Hoc|ARM.Build.0 = Release|ARM
		{1ECD39F2-9C71-4C85-AA63-368404DC1A87}.Ad-Hoc|ARM.Deploy.0 = Release|ARM
		{1ECD39F2-9C71-4C85-AA63-368404DC1A87}.Ad-Hoc|iPhone.ActiveCfg = Release|x86
		{1ECD39F2-9C71-4C85-AA63-368404DC1A87}.Ad-Hoc|iPhone.Build.0 = Release|x86
		{1ECD39F2-9C71-4C85-AA63-368404DC1A87}.Ad-Hoc|iPhone.Deploy.0 = Release|x86
		{1ECD39F2-9C71-4C85-AA63-368404DC1A87}.Ad-Hoc|iPhoneSimulator.ActiveCfg = Release|x86
		{1ECD39F2-9C71-4C85-AA63-368404DC1A87}.Ad-Hoc|iPhoneSimulator.Build.0 = Release|x86
		{1ECD39F2-9C71-4C85-AA63-368404DC1A87}.Ad-Hoc|iPhoneSimulator.Deploy.0 = Release|x86
		{1ECD39F2-9C71-4C85-AA63-368404DC1A87}.Ad-Hoc|x64.ActiveCfg = Release|x64
		{1ECD39F2-9C71-4C85-AA63-368404DC1A87}.Ad-Hoc|x64.Build.0 = Release|x64
		{1ECD39F2-9C71-4C85-AA63-368404DC1A87}.Ad-Hoc|x64.Deploy.0 = Release|x64
		{1ECD39F2-9C71-4C85-AA63-368404DC1A87}.Ad-Hoc|x86.ActiveCfg = Release|x86
		{1ECD39F2-9C71-4C85-AA63-368404DC1A87}.Ad-Hoc|x86.Build.0 = Release|x86
		{1ECD39F2-9C71-4C85-AA63-368404DC1A87}.Ad-Hoc|x86.Deploy.0 = Release|x86
		{1ECD39F2-9C71-4C85-AA63-368404DC1A87}.AppStore|Any CPU.ActiveCfg = Release|x86
		{1ECD39F2-9C71-4C85-AA63-368404DC1A87}.AppStore|Any CPU.Build.0 = Release|x86
		{1ECD39F2-9C71-4C85-AA63-368404DC1A87}.AppStore|Any CPU.Deploy.0 = Release|x86
		{1ECD39F2-9C71-4C85-AA63-368404DC1A87}.AppStore|ARM.ActiveCfg = Release|ARM
		{1ECD39F2-9C71-4C85-AA63-368404DC1A87}.AppStore|ARM.Build.0 = Release|ARM
		{1ECD39F2-9C71-4C85-AA63-368404DC1A87}.AppStore|ARM.Deploy.0 = Release|ARM
		{1ECD39F2-9C71-4C85-AA63-368404DC1A87}.AppStore|iPhone.ActiveCfg = Release|x86
		{1ECD39F2-9C71-4C85-AA63-368404DC1A87}.AppStore|iPhone.Build.0 = Release|x86
		{1ECD39F2-9C71-4C85-AA63-368404DC1A87}.AppStore|iPhone.Deploy.0 = Release|x86
		{1ECD39F2-9C71-4C85-AA63-368404DC1A87}.AppStore|iPhoneSimulator.ActiveCfg = Release|x86
		{1ECD39F2-9C71-4C85-AA63-368404DC1A87}.AppStore|iPhoneSimulator.Build.0 = Release|x86
		{1ECD39F2-9C71-4C85-AA63-368404DC1A87}.AppStore|iPhoneSimulator.Deploy.0 = Release|x86
		{1ECD39F2-9C71-4C85-AA63-368404DC1A87}.AppStore|x64.ActiveCfg = Release|x64
		{1ECD39F2-9C71-4C85-AA63-368404DC1A87}.AppStore|x64.Build.0 = Release|x64
		{1ECD39F2-9C71-4C85-AA63-368404DC1A87}.AppStore|x64.Deploy.0 = Release|x64
		{1ECD39F2-9C71-4C85-AA63-368404DC1A87}.AppStore|x86.ActiveCfg = Release|x86
		{1ECD39F2-9C71-4C85-AA63-368404DC1A87}.AppStore|x86.Build.0 = Release|x86
		{1ECD39F2-9C71-4C85-AA63-368404DC1A87}.AppStore|x86.Deploy.0 = Release|x86
		{1ECD39F2-9C71-4C85-AA63-368404DC1A87}.Debug|Any CPU.ActiveCfg = Debug|x86
		{1ECD39F2-9C71-4C85-AA63-368404DC1A87}.Debug|ARM.ActiveCfg = Debug|ARM
		{1ECD39F2-9C71-4C85-AA63-368404DC1A87}.Debug|ARM.Build.0 = Debug|ARM
		{1ECD39F2-9C71-4C85-AA63-368404DC1A87}.Debug|ARM.Deploy.0 = Debug|ARM
		{1ECD39F2-9C71-4C85-AA63-368404DC1A87}.Debug|iPhone.ActiveCfg = Debug|x86
		{1ECD39F2-9C71-4C85-AA63-368404DC1A87}.Debug|iPhoneSimulator.ActiveCfg = Debug|x86
		{1ECD39F2-9C71-4C85-AA63-368404DC1A87}.Debug|x64.ActiveCfg = Debug|x64
		{1ECD39F2-9C71-4C85-AA63-368404DC1A87}.Debug|x64.Build.0 = Debug|x64
		{1ECD39F2-9C71-4C85-AA63-368404DC1A87}.Debug|x64.Deploy.0 = Debug|x64
		{1ECD39F2-9C71-4C85-AA63-368404DC1A87}.Debug|x86.ActiveCfg = Debug|x86
		{1ECD39F2-9C71-4C85-AA63-368404DC1A87}.Debug|x86.Build.0 = Debug|x86
		{1ECD39F2-9C71-4C85-AA63-368404DC1A87}.Debug|x86.Deploy.0 = Debug|x86
		{1ECD39F2-9C71-4C85-AA63-368404DC1A87}.Release|Any CPU.ActiveCfg = Release|x86
		{1ECD39F2-9C71-4C85-AA63-368404DC1A87}.Release|ARM.ActiveCfg = Release|ARM
		{1ECD39F2-9C71-4C85-AA63-368404DC1A87}.Release|ARM.Build.0 = Release|ARM
		{1ECD39F2-9C71-4C85-AA63-368404DC1A87}.Release|ARM.Deploy.0 = Release|ARM
		{1ECD39F2-9C71-4C85-AA63-368404DC1A87}.Release|iPhone.ActiveCfg = Release|x86
		{1ECD39F2-9C71-4C85-AA63-368404DC1A87}.Release|iPhoneSimulator.ActiveCfg = Release|x86
		{1ECD39F2-9C71-4C85-AA63-368404DC1A87}.Release|x64.ActiveCfg = Release|x64
		{1ECD39F2-9C71-4C85-AA63-368404DC1A87}.Release|x64.Build.0 = Release|x64
		{1ECD39F2-9C71-4C85-AA63-368404DC1A87}.Release|x64.Deploy.0 = Release|x64
		{1ECD39F2-9C71-4C85-AA63-368404DC1A87}.Release|x86.ActiveCfg = Release|x86
		{1ECD39F2-9C71-4C85-AA63-368404DC1A87}.Release|x86.Build.0 = Release|x86
		{1ECD39F2-9C71-4C85-AA63-368404DC1A87}.Release|x86.Deploy.0 = Release|x86
	EndGlobalSection
	GlobalSection(SolutionProperties) = preSolution
		HideSolutionNode = FALSE
	EndGlobalSection
EndGlobal
